# THIS IS AN AUTOGENERATED FILE. DO NOT EDIT THIS FILE DIRECTLY.
# yarn lockfile v1


"@uniswap/v3-core@^1.0.0":
  version "1.0.0"
  resolved "https://registry.yarnpkg.com/@uniswap/v3-core/-/v3-core-1.0.0.tgz#6c24adacc4c25dceee0ba3ca142b35adbd7e359d"
  integrity sha512-kSC4djMGKMHj7sLMYVnn61k9nu+lHjMIxgg9CDQT+s2QYLoA56GbSK9Oxr+qJXzzygbkrmuY6cwgP6cW2JXPFA==
